
Microsoft Visual Studio Solution File, Format Version 12.00
# Visual Studio 15
VisualStudioVersion = 15.0.27703.2035
MinimumVisualStudioVersion = 10.0.40219.1
Project("{FAE04EC0-301F-11D3-BF4B-00C04F79EFBC}") = "ICOnboardingP3", "ICOnboardingP3\ICOnboardingP3.csproj", "{15E6F351-4C44-4CEF-A055-0C8E08610803}"
EndProject
Global
	GlobalSection(SolutionConfigurationPlatforms) = preSolution
		Debug|Any CPU = Debug|Any CPU
		Release|Any CPU = Release|Any CPU
	EndGlobalSection
	GlobalSection(ProjectConfigurationPlatforms) = postSolution
		{15E6F351-4C44-4CEF-A055-0C8E08610803}.Debug|Any CPU.ActiveCfg = Debug|Any CPU
		{15E6F351-4C44-4CEF-A055-0C8E08610803}.Debug|Any CPU.Build.0 = Debug|Any CPU
		{15E6F351-4C44-4CEF-A055-0C8E08610803}.Release|Any CPU.ActiveCfg = Release|Any CPU
		{15E6F351-4C44-4CEF-A055-0C8E08610803}.Release|Any CPU.Build.0 = Release|Any CPU
	EndGlobalSection
	GlobalSection(SolutionProperties) = preSolution
		HideSolutionNode = FALSE
	EndGlobalSection
	GlobalSection(ExtensibilityGlobals) = postSolution
		SolutionGuid = {2FED9C65-451F-40AB-A4B9-7AEDDF7FB763}
	EndGlobalSection
EndGlobal
